{
  "name": "automationpratice",
  "version": "1.0.0",
  "lockfileVersion": 1,
  "requires": true,
  "dependencies": {
    "puppeteer-autoscroll-down": {
      "version": "0.1.2",
      "resolved": "https://registry.npmjs.org/puppeteer-autoscroll-down/-/puppeteer-autoscroll-down-0.1.2.tgz",
      "integrity": "sha512-LuAgXHrkMDyJuZC+vsE3Pbtr66BUaRZdS9HbYL/RL+HDFk78sMp03ar3irmCWhpgNhqRI5CogJPv3STAl3Y8gg=="
    }
  }
}
